
Microsoft Visual Studio Solution File, Format Version 12.00
# Visual Studio Version 16
VisualStudioVersion = 16.0.29306.81
MinimumVisualStudioVersion = 10.0.40219.1
Project("{FAE04EC0-301F-11D3-BF4B-00C04F79EFBC}") = "Testprojects", "Testprojects.csproj", "{C3AC6B16-C394-418D-BA95-43290BF46C07}"
EndProject
Global
	GlobalSection(SolutionConfigurationPlatforms) = preSolution
		Debug|Any CPU = Debug|Any CPU
		Release|Any CPU = Release|Any CPU
	EndGlobalSection
	GlobalSection(ProjectConfigurationPlatforms) = postSolution
		{C3AC6B16-C394-418D-BA95-43290BF46C07}.Debug|Any CPU.ActiveCfg = Debug|Any CPU
		{C3AC6B16-C394-418D-BA95-43290BF46C07}.Debug|Any CPU.Build.0 = Debug|Any CPU
		{C3AC6B16-C394-418D-BA95-43290BF46C07}.Release|Any CPU.ActiveCfg = Release|Any CPU
		{C3AC6B16-C394-418D-BA95-43290BF46C07}.Release|Any CPU.Build.0 = Release|Any CPU
	EndGlobalSection
	GlobalSection(SolutionProperties) = preSolution
		HideSolutionNode = FALSE
	EndGlobalSection
	GlobalSection(ExtensibilityGlobals) = postSolution
		SolutionGuid = {EEC600E6-7068-486C-93CB-FEE3027CB48B}
	EndGlobalSection
EndGlobal
